Microsoft Visual Studio Solution File, Format Version 11.00
# Visual Studio 2008

Project("{C20500FD-B547-4EBA-D606-179EBA265484}") = "corgbot", "Assembly-CSharp.csproj", "{56BC7F53-960E-87FA-9189-EFE578444D0B}"
EndProject
Project("{C20500FD-B547-4EBA-D606-179EBA265484}") = "corgbot", "Assembly-CSharp-Editor.csproj", "{400C1683-22AF-0EAD-2764-B863F39B0400}"
EndProject
Project("{C20500FD-B547-4EBA-D606-179EBA265484}") = "corgbot", "Assembly-UnityScript.unityproj", "{CD52FDBA-3930-3495-1983-232FAE1C1B9C}"
EndProject
Global
	GlobalSection(SolutionConfigurationPlatforms) = preSolution
		Debug|Any CPU = Debug|Any CPU
		Release|Any CPU = Release|Any CPU
	EndGlobalSection
	GlobalSection(ProjectConfigurationPlatforms) = postSolution
		{56BC7F53-960E-87FA-9189-EFE578444D0B}.Debug|Any CPU.ActiveCfg = Debug|Any CPU
		{56BC7F53-960E-87FA-9189-EFE578444D0B}.Debug|Any CPU.Build.0 = Debug|Any CPU
		{56BC7F53-960E-87FA-9189-EFE578444D0B}.Release|Any CPU.ActiveCfg = Release|Any CPU
		{56BC7F53-960E-87FA-9189-EFE578444D0B}.Release|Any CPU.Build.0 = Release|Any CPU
		{400C1683-22AF-0EAD-2764-B863F39B0400}.Debug|Any CPU.ActiveCfg = Debug|Any CPU
		{400C1683-22AF-0EAD-2764-B863F39B0400}.Debug|Any CPU.Build.0 = Debug|Any CPU
		{400C1683-22AF-0EAD-2764-B863F39B0400}.Release|Any CPU.ActiveCfg = Release|Any CPU
		{400C1683-22AF-0EAD-2764-B863F39B0400}.Release|Any CPU.Build.0 = Release|Any CPU
		{CD52FDBA-3930-3495-1983-232FAE1C1B9C}.Debug|Any CPU.ActiveCfg = Debug|Any CPU
		{CD52FDBA-3930-3495-1983-232FAE1C1B9C}.Debug|Any CPU.Build.0 = Debug|Any CPU
		{CD52FDBA-3930-3495-1983-232FAE1C1B9C}.Release|Any CPU.ActiveCfg = Release|Any CPU
		{CD52FDBA-3930-3495-1983-232FAE1C1B9C}.Release|Any CPU.Build.0 = Release|Any CPU
	EndGlobalSection
	GlobalSection(SolutionProperties) = preSolution
		HideSolutionNode = FALSE
	EndGlobalSection
																																					GlobalSection(MonoDevelopProperties) = preSolution
		StartupItem = Assembly-CSharp.csproj
		Policies = $0
		$0.TextStylePolicy = $1
		$1.inheritsSet = null
		$1.scope = text/x-csharp
		$0.CSharpFormattingPolicy = $2
		$2.inheritsSet = Mono
		$2.inheritsScope = text/x-csharp
		$2.scope = text/x-csharp
		$0.TextStylePolicy = $3
		$3.FileWidth = 120
		$3.TabWidth = 4
		$3.EolMarker = Unix
		$3.inheritsSet = Mono
		$3.inheritsScope = text/plain
		$3.scope = text/plain
	EndGlobalSection

EndGlobal
